Microsoft Visual Studio Solution File, Format Version 8.00
Project("{8BC9CEB8-8B4A-11D0-8D11-00A0C91BC942}") = "AME", "AGM.vcproj", "{EAAB783C-9D94-4B92-89DC-543AF4435E0D}"
	ProjectSection(ProjectDependencies) = postProject
	EndProjectSection
EndProject
Global
	GlobalSection(SolutionConfiguration) = preSolution
		Debug = Debug
		Release = Release
	EndGlobalSection
	GlobalSection(ProjectConfiguration) = postSolution
		{EAAB783C-9D94-4B92-89DC-543AF4435E0D}.Debug.ActiveCfg = Debug|Win32
		{EAAB783C-9D94-4B92-89DC-543AF4435E0D}.Debug.Build.0 = Debug|Win32
		{EAAB783C-9D94-4B92-89DC-543AF4435E0D}.Release.ActiveCfg = Release|Win32
		{EAAB783C-9D94-4B92-89DC-543AF4435E0D}.Release.Build.0 = Release|Win32
	EndGlobalSection
	GlobalSection(ExtensibilityGlobals) = postSolution
	EndGlobalSection
	GlobalSection(ExtensibilityAddIns) = postSolution
	EndGlobalSection
EndGlobal
